<?xml version="1.0" encoding="utf-8"?>
<Project ToolsVersion="4.0" xmlns="http://schemas.microsoft.com/developer/msbuild/2003">
  <ItemGroup>
    <None Include="main.map" />
    <None Include="core\event.asm">
      <Filter>core</Filter>
    </None>
    <None Include="core\io.asm">
      <Filter>core</Filter>
    </None>
    <None Include="core\datafile.s">
      <Filter>core</Filter>
    </None>
  </ItemGroup>
  <ItemGroup>
    <Filter Include="core">
      <UniqueIdentifier>{4133fe3b-3d4f-4fe5-b30f-40983aa937b2}</UniqueIdentifier>
    </Filter>
  </ItemGroup>
  <ItemGroup>
    <ClCompile Include="core\main.c">
      <Filter>core</Filter>
    </ClCompile>
    <ClCompile Include="core\init.c">
      <Filter>core</Filter>
    </ClCompile>
    <ClCompile Include="core\event_c.c">
      <Filter>core</Filter>
    </ClCompile>
    <ClCompile Include="core\protocol.c">
      <Filter>core</Filter>
    </ClCompile>
  </ItemGroup>
  <ItemGroup>
    <ClInclude Include="core\common.h">
      <Filter>core</Filter>
    </ClInclude>
    <ClInclude Include="core.h" />
    <ClInclude Include="core\protocol.h">
      <Filter>core</Filter>
    </ClInclude>
  </ItemGroup>
  <ItemGroup>
    <CustomBuild Include="main.lk" />
    <CustomBuild Include="makefile" />
  </ItemGroup>
  <ItemGroup>
    <Text Include="readme.txt" />
  </ItemGroup>
</Project>